
Microsoft Visual Studio Solution File, Format Version 12.00
# Visual Studio Version 17
VisualStudioVersion = 17.2.32505.173
MinimumVisualStudioVersion = 10.0.40219.1
Project("{2150E333-8FDC-42A3-9474-1A3956D46DE8}") = "Core", "Core", "{DFB4B607-5916-46CA-A400-43527D22ECA1}"
EndProject
Project("{9A19103F-16F7-4668-BE54-9A1E7A4F7556}") = "Domain", "Domain\Domain.csproj", "{B03F2F82-88CB-4149-8BE8-467472D99DAF}"
EndProject
Project("{9A19103F-16F7-4668-BE54-9A1E7A4F7556}") = "Infrastructure", "Infrastructure\Infrastructure.csproj", "{45A2FCE9-A53F-4CE8-86D5-F223C393B41A}"
EndProject
Project("{2150E333-8FDC-42A3-9474-1A3956D46DE8}") = "Web", "Web", "{4ADE6CF9-112C-45E1-9153-64F3D6B63745}"
EndProject
Project("{9A19103F-16F7-4668-BE54-9A1E7A4F7556}") = "WebApi", "WebApi\WebApi.csproj", "{AFD12BD5-8F46-490F-BCCD-B80AB220C42D}"
EndProject
Project("{FAE04EC0-301F-11D3-BF4B-00C04F79EFBC}") = "WebApp", "WebApp\WebApp.csproj", "{D593864C-A799-42D2-819B-56409E9436E6}"
EndProject
Global
	GlobalSection(SolutionConfigurationPlatforms) = preSolution
		Debug|Any CPU = Debug|Any CPU
		Release|Any CPU = Release|Any CPU
	EndGlobalSection
	GlobalSection(ProjectConfigurationPlatforms) = postSolution
		{B03F2F82-88CB-4149-8BE8-467472D99DAF}.Debug|Any CPU.ActiveCfg = Debug|Any CPU
		{B03F2F82-88CB-4149-8BE8-467472D99DAF}.Debug|Any CPU.Build.0 = Debug|Any CPU
		{B03F2F82-88CB-4149-8BE8-467472D99DAF}.Release|Any CPU.ActiveCfg = Release|Any CPU
		{B03F2F82-88CB-4149-8BE8-467472D99DAF}.Release|Any CPU.Build.0 = Release|Any CPU
		{45A2FCE9-A53F-4CE8-86D5-F223C393B41A}.Debug|Any CPU.ActiveCfg = Debug|Any CPU
		{45A2FCE9-A53F-4CE8-86D5-F223C393B41A}.Debug|Any CPU.Build.0 = Debug|Any CPU
		{45A2FCE9-A53F-4CE8-86D5-F223C393B41A}.Release|Any CPU.ActiveCfg = Release|Any CPU
		{45A2FCE9-A53F-4CE8-86D5-F223C393B41A}.Release|Any CPU.Build.0 = Release|Any CPU
		{AFD12BD5-8F46-490F-BCCD-B80AB220C42D}.Debug|Any CPU.ActiveCfg = Debug|Any CPU
		{AFD12BD5-8F46-490F-BCCD-B80AB220C42D}.Debug|Any CPU.Build.0 = Debug|Any CPU
		{AFD12BD5-8F46-490F-BCCD-B80AB220C42D}.Release|Any CPU.ActiveCfg = Release|Any CPU
		{AFD12BD5-8F46-490F-BCCD-B80AB220C42D}.Release|Any CPU.Build.0 = Release|Any CPU
		{D593864C-A799-42D2-819B-56409E9436E6}.Debug|Any CPU.ActiveCfg = Debug|Any CPU
		{D593864C-A799-42D2-819B-56409E9436E6}.Debug|Any CPU.Build.0 = Debug|Any CPU
		{D593864C-A799-42D2-819B-56409E9436E6}.Release|Any CPU.ActiveCfg = Release|Any CPU
		{D593864C-A799-42D2-819B-56409E9436E6}.Release|Any CPU.Build.0 = Release|Any CPU
	EndGlobalSection
	GlobalSection(SolutionProperties) = preSolution
		HideSolutionNode = FALSE
	EndGlobalSection
	GlobalSection(NestedProjects) = preSolution
		{B03F2F82-88CB-4149-8BE8-467472D99DAF} = {DFB4B607-5916-46CA-A400-43527D22ECA1}
		{45A2FCE9-A53F-4CE8-86D5-F223C393B41A} = {DFB4B607-5916-46CA-A400-43527D22ECA1}
		{AFD12BD5-8F46-490F-BCCD-B80AB220C42D} = {4ADE6CF9-112C-45E1-9153-64F3D6B63745}
		{D593864C-A799-42D2-819B-56409E9436E6} = {4ADE6CF9-112C-45E1-9153-64F3D6B63745}
	EndGlobalSection
	GlobalSection(ExtensibilityGlobals) = postSolution
		SolutionGuid = {4B0AFBE5-40E6-4B4C-8C22-4A1E43B475F2}
	EndGlobalSection
EndGlobal
